<Solution>
  <Folder Name="/src/">
    <Project Path="Contracts/Contracts.csproj" />
    <Project Path="Validation/Validation.csproj" />
    <Project Path="Application/Application.csproj" />
    <Project Path="Composition/Composition.csproj" />
  </Folder>
  <Folder Name="/tests/">
    <Project Path="Outcome.Tests/Outcome.Tests.csproj" />
  </Folder>
</Solution>
