<Solution>
  <Folder Name="/src/">
    <Project Path="CapsuleAudit.Contracts/CapsuleAudit.Contracts.csproj" />
    <Project Path="CapsuleAudit.Infrastructure/CapsuleAudit.Infrastructure.csproj" />
    <Project Path="CapsuleAudit.Api/CapsuleAudit.Api.csproj" />
    <Project Path="CapsuleAudit.Worker/CapsuleAudit.Worker.csproj" />
  </Folder>
  <Folder Name="/tests/">
    <Project Path="CapsuleAudit.Tests/CapsuleAudit.Tests.csproj" />
  </Folder>
</Solution>
